{
  "name": "spiewnik-pielgrzyma-search-worker",
  "lockfileVersion": 3,
  "requires": true,
  "packages": {
    "": {
      "name": "spiewnik-pielgrzyma-search-worker",
      "devDependencies": {
        "@cloudflare/workers-types": "^4.0.0",
        "typescript": "^5.0.0"
      }
    },
    "node_modules/@cloudflare/workers-types": {
      "version": "4.20260508.1",
      "resolved": "https://registry.npmjs.org/@cloudflare/workers-types/-/workers-types-4.20260508.1.tgz",
      "integrity": "sha512-0KNR+UkrYJYmtyQ5tOjUT/wt/U34FuE4Y8FLSbPMwFrGQQpmvR9wKghwRkL4d28y5t9jI9cvGqeAoo/cerTnCQ==",
      "dev": true,
      "license": "MIT OR Apache-2.0"
    },
    "node_modules/typescript": {
      "version": "5.9.3",
      "resolved": "https://registry.npmjs.org/typescript/-/typescript-5.9.3.tgz",
      "integrity": "sha512-jl1vZzPDinLr9eUt3J/t7V6FgNEw9QjvBPdysz9KfQDD41fQrC2Y4vKQdiaUpFT4bXlb1RHhLpp8wtm6M5TgSw==",
      "dev": true,
      "license": "Apache-2.0",
      "bin": {
        "tsc": "bin/tsc",
        "tsserver": "bin/tsserver"
      },
      "engines": {
        "node": ">=14.17"
      }
    }
  }
}
